
Microsoft Visual Studio Solution File, Format Version 12.00
# Visual Studio Version 16
VisualStudioVersion = 16.0.29509.3
MinimumVisualStudioVersion = 10.0.40219.1
Project("{8BC9CEB8-8B4A-11D0-8D11-00A0C91BC942}") = "prob2", "prob2\prob2.vcxproj", "{DF29DD94-3DB0-47F7-AE25-9873F0A5C7E1}"
EndProject
Global
	GlobalSection(SolutionConfigurationPlatforms) = preSolution
		Debug|x64 = Debug|x64
		Debug|x86 = Debug|x86
		Release|x64 = Release|x64
		Release|x86 = Release|x86
	EndGlobalSection
	GlobalSection(ProjectConfigurationPlatforms) = postSolution
		{DF29DD94-3DB0-47F7-AE25-9873F0A5C7E1}.Debug|x64.ActiveCfg = Debug|x64
		{DF29DD94-3DB0-47F7-AE25-9873F0A5C7E1}.Debug|x64.Build.0 = Debug|x64
		{DF29DD94-3DB0-47F7-AE25-9873F0A5C7E1}.Debug|x86.ActiveCfg = Debug|Win32
		{DF29DD94-3DB0-47F7-AE25-9873F0A5C7E1}.Debug|x86.Build.0 = Debug|Win32
		{DF29DD94-3DB0-47F7-AE25-9873F0A5C7E1}.Release|x64.ActiveCfg = Release|x64
		{DF29DD94-3DB0-47F7-AE25-9873F0A5C7E1}.Release|x64.Build.0 = Release|x64
		{DF29DD94-3DB0-47F7-AE25-9873F0A5C7E1}.Release|x86.ActiveCfg = Release|Win32
		{DF29DD94-3DB0-47F7-AE25-9873F0A5C7E1}.Release|x86.Build.0 = Release|Win32
	EndGlobalSection
	GlobalSection(SolutionProperties) = preSolution
		HideSolutionNode = FALSE
	EndGlobalSection
	GlobalSection(ExtensibilityGlobals) = postSolution
		SolutionGuid = {A172EB67-9490-4367-8587-328D348C7C84}
	EndGlobalSection
EndGlobal
